
Microsoft Visual Studio Solution File, Format Version 12.00
# Visual Studio Version 16
VisualStudioVersion = 16.0.30804.86
MinimumVisualStudioVersion = 15.0.26124.0
Project("{9A19103F-16F7-4668-BE54-9A1E7A4F7556}") = "Fabiolune.CustomBackend", "Fabiolune.CustomBackend\Fabiolune.CustomBackend.csproj", "{EDB372A1-F644-43B2-B4CD-84D5C6B692CA}"
EndProject
Project("{2150E333-8FDC-42A3-9474-1A3956D46DE8}") = "Solution Items", "Solution Items", "{13DAC0B4-BE84-460C-AA04-CBF623F56C28}"
	ProjectSection(SolutionItems) = preProject
		.dockerignore = .dockerignore
		.gitignore = .gitignore
		Dockerfile = Dockerfile
		publish.Dockerfile = publish.Dockerfile
		README.md = README.md
	EndProjectSection
EndProject
Project("{2150E333-8FDC-42A3-9474-1A3956D46DE8}") = ".github", ".github", "{801F3659-AC83-4855-8781-BFE61A645A04}"
EndProject
Project("{2150E333-8FDC-42A3-9474-1A3956D46DE8}") = "workflows", "workflows", "{03D088BE-BDDE-4EB9-A1F9-D37AB7574404}"
	ProjectSection(SolutionItems) = preProject
		.github\workflows\docker-build.yml = .github\workflows\docker-build.yml
		.github\workflows\dotnet-core.yml = .github\workflows\dotnet-core.yml
	EndProjectSection
EndProject
Project("{2150E333-8FDC-42A3-9474-1A3956D46DE8}") = "tests", "tests", "{D1956B72-A5AC-4D3E-B5B1-D3EAAFBD6F67}"
EndProject
Project("{FAE04EC0-301F-11D3-BF4B-00C04F79EFBC}") = "Fabiolune.CustomBackend.Integration.Tests", "Fabiolune.CustomBackend.Integration.Tests\Fabiolune.CustomBackend.Integration.Tests.csproj", "{B3D0908C-05FC-47E1-8EB9-15D835E403CF}"
EndProject
Global
	GlobalSection(SolutionConfigurationPlatforms) = preSolution
		Debug|Any CPU = Debug|Any CPU
		Debug|x64 = Debug|x64
		Debug|x86 = Debug|x86
		Release|Any CPU = Release|Any CPU
		Release|x64 = Release|x64
		Release|x86 = Release|x86
	EndGlobalSection
	GlobalSection(ProjectConfigurationPlatforms) = postSolution
		{EDB372A1-F644-43B2-B4CD-84D5C6B692CA}.Debug|Any CPU.ActiveCfg = Debug|Any CPU
		{EDB372A1-F644-43B2-B4CD-84D5C6B692CA}.Debug|Any CPU.Build.0 = Debug|Any CPU
		{EDB372A1-F644-43B2-B4CD-84D5C6B692CA}.Debug|x64.ActiveCfg = Debug|Any CPU
		{EDB372A1-F644-43B2-B4CD-84D5C6B692CA}.Debug|x64.Build.0 = Debug|Any CPU
		{EDB372A1-F644-43B2-B4CD-84D5C6B692CA}.Debug|x86.ActiveCfg = Debug|Any CPU
		{EDB372A1-F644-43B2-B4CD-84D5C6B692CA}.Debug|x86.Build.0 = Debug|Any CPU
		{EDB372A1-F644-43B2-B4CD-84D5C6B692CA}.Release|Any CPU.ActiveCfg = Release|Any CPU
		{EDB372A1-F644-43B2-B4CD-84D5C6B692CA}.Release|Any CPU.Build.0 = Release|Any CPU
		{EDB372A1-F644-43B2-B4CD-84D5C6B692CA}.Release|x64.ActiveCfg = Release|Any CPU
		{EDB372A1-F644-43B2-B4CD-84D5C6B692CA}.Release|x64.Build.0 = Release|Any CPU
		{EDB372A1-F644-43B2-B4CD-84D5C6B692CA}.Release|x86.ActiveCfg = Release|Any CPU
		{EDB372A1-F644-43B2-B4CD-84D5C6B692CA}.Release|x86.Build.0 = Release|Any CPU
		{B3D0908C-05FC-47E1-8EB9-15D835E403CF}.Debug|Any CPU.ActiveCfg = Debug|Any CPU
		{B3D0908C-05FC-47E1-8EB9-15D835E403CF}.Debug|Any CPU.Build.0 = Debug|Any CPU
		{B3D0908C-05FC-47E1-8EB9-15D835E403CF}.Debug|x64.ActiveCfg = Debug|Any CPU
		{B3D0908C-05FC-47E1-8EB9-15D835E403CF}.Debug|x64.Build.0 = Debug|Any CPU
		{B3D0908C-05FC-47E1-8EB9-15D835E403CF}.Debug|x86.ActiveCfg = Debug|Any CPU
		{B3D0908C-05FC-47E1-8EB9-15D835E403CF}.Debug|x86.Build.0 = Debug|Any CPU
		{B3D0908C-05FC-47E1-8EB9-15D835E403CF}.Release|Any CPU.ActiveCfg = Release|Any CPU
		{B3D0908C-05FC-47E1-8EB9-15D835E403CF}.Release|Any CPU.Build.0 = Release|Any CPU
		{B3D0908C-05FC-47E1-8EB9-15D835E403CF}.Release|x64.ActiveCfg = Release|Any CPU
		{B3D0908C-05FC-47E1-8EB9-15D835E403CF}.Release|x64.Build.0 = Release|Any CPU
		{B3D0908C-05FC-47E1-8EB9-15D835E403CF}.Release|x86.ActiveCfg = Release|Any CPU
		{B3D0908C-05FC-47E1-8EB9-15D835E403CF}.Release|x86.Build.0 = Release|Any CPU
	EndGlobalSection
	GlobalSection(SolutionProperties) = preSolution
		HideSolutionNode = FALSE
	EndGlobalSection
	GlobalSection(NestedProjects) = preSolution
		{801F3659-AC83-4855-8781-BFE61A645A04} = {13DAC0B4-BE84-460C-AA04-CBF623F56C28}
		{03D088BE-BDDE-4EB9-A1F9-D37AB7574404} = {801F3659-AC83-4855-8781-BFE61A645A04}
		{B3D0908C-05FC-47E1-8EB9-15D835E403CF} = {D1956B72-A5AC-4D3E-B5B1-D3EAAFBD6F67}
	EndGlobalSection
	GlobalSection(ExtensibilityGlobals) = postSolution
		SolutionGuid = {F33DBC7F-D429-4B37-AB6D-BFEA6610FE30}
	EndGlobalSection
EndGlobal
